<?xml version="1.0" encoding="utf-8"?>
<Project ToolsVersion="4.0" xmlns="http://schemas.microsoft.com/developer/msbuild/2003">
  <ItemGroup>
    <Filter Include="Source Files">
      <UniqueIdentifier>{4FC737F1-C7A5-4376-A066-2A32D752A2FF}</UniqueIdentifier>
      <Extensions>cpp;c;cc;cxx;def;odl;idl;hpj;bat;asm;asmx</Extensions>
    </Filter>
    <Filter Include="Header Files">
      <UniqueIdentifier>{93995380-89BD-4b04-88EB-625FBE52EBFB}</UniqueIdentifier>
      <Extensions>h;hpp;hxx;hm;inl;inc;xsd</Extensions>
    </Filter>
    <Filter Include="Resource Files">
      <UniqueIdentifier>{67DA6AB6-F800-4c08-8B7A-83BB121AAD01}</UniqueIdentifier>
      <Extensions>rc;ico;cur;bmp;dlg;rc2;rct;bin;rgs;gif;jpg;jpeg;jpe;resx;tiff;tif;png;wav;mfcribbon-ms</Extensions>
    </Filter>
  </ItemGroup>
  <ItemGroup>
    <ClInclude Include="inc\Broadcaster.h">
      <Filter>Header Files</Filter>
    </ClInclude>
    <ClInclude Include="inc\Client.h">
      <Filter>Header Files</Filter>
    </ClInclude>
    <ClInclude Include="inc\ClientContainer.h">
      <Filter>Header Files</Filter>
    </ClInclude>
    <ClInclude Include="inc\ClientProxy.h">
      <Filter>Header Files</Filter>
    </ClInclude>
    <ClInclude Include="inc\ConnectionInfo.h">
      <Filter>Header Files</Filter>
    </ClInclude>
    <ClInclude Include="inc\IceNetClient.h">
      <Filter>Header Files</Filter>
    </ClInclude>
    <ClInclude Include="inc\IceNetServer.h">
      <Filter>Header Files</Filter>
    </ClInclude>
    <ClInclude Include="inc\IceNetTypedefs.h">
      <Filter>Header Files</Filter>
    </ClInclude>
    <ClInclude Include="inc\Modules.h">
      <Filter>Header Files</Filter>
    </ClInclude>
    <ClInclude Include="inc\NetworkControl.h">
      <Filter>Header Files</Filter>
    </ClInclude>
    <ClInclude Include="inc\OpCodeHandler.h">
      <Filter>Header Files</Filter>
    </ClInclude>
    <ClInclude Include="inc\Packet.h">
      <Filter>Header Files</Filter>
    </ClInclude>
    <ClInclude Include="inc\PacketHandler.h">
      <Filter>Header Files</Filter>
    </ClInclude>
    <ClInclude Include="inc\PacketReceiver.h">
      <Filter>Header Files</Filter>
    </ClInclude>
    <ClInclude Include="inc\PacketSender.h">
      <Filter>Header Files</Filter>
    </ClInclude>
    <ClInclude Include="inc\StandardFunctions.h">
      <Filter>Header Files</Filter>
    </ClInclude>
    <ClInclude Include="inc\UDPReceiver.h">
      <Filter>Header Files</Filter>
    </ClInclude>
  </ItemGroup>
  <ItemGroup>
    <ClCompile Include="src\Broadcaster.cpp">
      <Filter>Source Files</Filter>
    </ClCompile>
    <ClCompile Include="src\Client.cpp">
      <Filter>Source Files</Filter>
    </ClCompile>
    <ClCompile Include="src\ClientListener.cpp">
      <Filter>Source Files</Filter>
    </ClCompile>
    <ClCompile Include="src\ClientProxy.cpp">
      <Filter>Source Files</Filter>
    </ClCompile>
    <ClCompile Include="src\EntryPoints.cpp">
      <Filter>Source Files</Filter>
    </ClCompile>
    <ClCompile Include="src\IceNetClient.cpp">
      <Filter>Source Files</Filter>
    </ClCompile>
    <ClCompile Include="src\IceNetServer.cpp">
      <Filter>Source Files</Filter>
    </ClCompile>
    <ClCompile Include="src\NetworkControl.cpp">
      <Filter>Source Files</Filter>
    </ClCompile>
    <ClCompile Include="src\OpCodeHandler.cpp">
      <Filter>Source Files</Filter>
    </ClCompile>
    <ClCompile Include="src\Packet.cpp">
      <Filter>Source Files</Filter>
    </ClCompile>
    <ClCompile Include="src\PacketHandler.cpp">
      <Filter>Source Files</Filter>
    </ClCompile>
    <ClCompile Include="src\PacketReceiver.cpp">
      <Filter>Source Files</Filter>
    </ClCompile>
    <ClCompile Include="src\PacketSender.cpp">
      <Filter>Source Files</Filter>
    </ClCompile>
    <ClCompile Include="src\StandardFunctions.cpp">
      <Filter>Source Files</Filter>
    </ClCompile>
    <ClCompile Include="src\UDPReceiver.cpp">
      <Filter>Source Files</Filter>
    </ClCompile>
  </ItemGroup>
</Project>